
Microsoft Visual Studio Solution File, Format Version 12.00
# Visual Studio Version 16
VisualStudioVersion = 16.0.31321.278
MinimumVisualStudioVersion = 10.0.40219.1
Project("{FAE04EC0-301F-11D3-BF4B-00C04F79EFBC}") = "ExercicioPost", "ExercicioPost\ExercicioPost.csproj", "{6644CA13-A38D-4D79-BD09-A830B48A853A}"
EndProject
Global
	GlobalSection(SolutionConfigurationPlatforms) = preSolution
		Debug|Any CPU = Debug|Any CPU
		Release|Any CPU = Release|Any CPU
	EndGlobalSection
	GlobalSection(ProjectConfigurationPlatforms) = postSolution
		{6644CA13-A38D-4D79-BD09-A830B48A853A}.Debug|Any CPU.ActiveCfg = Debug|Any CPU
		{6644CA13-A38D-4D79-BD09-A830B48A853A}.Debug|Any CPU.Build.0 = Debug|Any CPU
		{6644CA13-A38D-4D79-BD09-A830B48A853A}.Release|Any CPU.ActiveCfg = Release|Any CPU
		{6644CA13-A38D-4D79-BD09-A830B48A853A}.Release|Any CPU.Build.0 = Release|Any CPU
	EndGlobalSection
	GlobalSection(SolutionProperties) = preSolution
		HideSolutionNode = FALSE
	EndGlobalSection
	GlobalSection(ExtensibilityGlobals) = postSolution
		SolutionGuid = {78902084-5051-4FDE-BC32-571973993CA6}
	EndGlobalSection
EndGlobal
